
Microsoft Visual Studio Solution File, Format Version 12.00
# Visual Studio 15
VisualStudioVersion = 15.0.27703.2000
MinimumVisualStudioVersion = 10.0.40219.1
Project("{FAE04EC0-301F-11D3-BF4B-00C04F79EFBC}") = "WebApplication1", "WebApplication1\WebApplication1.csproj", "{F94391CA-BC4A-4C8B-9622-3B2EA39FC128}"
EndProject
Global
	GlobalSection(SolutionConfigurationPlatforms) = preSolution
		Debug|Any CPU = Debug|Any CPU
		Release|Any CPU = Release|Any CPU
	EndGlobalSection
	GlobalSection(ProjectConfigurationPlatforms) = postSolution
		{F94391CA-BC4A-4C8B-9622-3B2EA39FC128}.Debug|Any CPU.ActiveCfg = Debug|Any CPU
		{F94391CA-BC4A-4C8B-9622-3B2EA39FC128}.Debug|Any CPU.Build.0 = Debug|Any CPU
		{F94391CA-BC4A-4C8B-9622-3B2EA39FC128}.Release|Any CPU.ActiveCfg = Release|Any CPU
		{F94391CA-BC4A-4C8B-9622-3B2EA39FC128}.Release|Any CPU.Build.0 = Release|Any CPU
	EndGlobalSection
	GlobalSection(SolutionProperties) = preSolution
		HideSolutionNode = FALSE
	EndGlobalSection
	GlobalSection(ExtensibilityGlobals) = postSolution
		SolutionGuid = {266F1040-205F-4293-AE53-FF90BAC0BE73}
	EndGlobalSection
EndGlobal
